
Microsoft Visual Studio Solution File, Format Version 12.00
# Visual Studio 15
VisualStudioVersion = 15.0.26730.16
MinimumVisualStudioVersion = 10.0.40219.1
Project("{8BC9CEB8-8B4A-11D0-8D11-00A0C91BC942}") = "library", "library\library.vcxproj", "{2086BD46-F285-4E98-A40F-4371E8031BF7}"
EndProject
Project("{8BC9CEB8-8B4A-11D0-8D11-00A0C91BC942}") = "test", "test\test.vcxproj", "{23D8BE95-30AD-410A-957B-AFF50438E690}"
	ProjectSection(ProjectDependencies) = postProject
		{2086BD46-F285-4E98-A40F-4371E8031BF7} = {2086BD46-F285-4E98-A40F-4371E8031BF7}
	EndProjectSection
EndProject
Global
	GlobalSection(SolutionConfigurationPlatforms) = preSolution
		Debug|x64 = Debug|x64
		Release|x64 = Release|x64
	EndGlobalSection
	GlobalSection(ProjectConfigurationPlatforms) = postSolution
		{2086BD46-F285-4E98-A40F-4371E8031BF7}.Debug|x64.ActiveCfg = Debug|x64
		{2086BD46-F285-4E98-A40F-4371E8031BF7}.Debug|x64.Build.0 = Debug|x64
		{2086BD46-F285-4E98-A40F-4371E8031BF7}.Release|x64.ActiveCfg = Release|x64
		{2086BD46-F285-4E98-A40F-4371E8031BF7}.Release|x64.Build.0 = Release|x64
		{23D8BE95-30AD-410A-957B-AFF50438E690}.Debug|x64.ActiveCfg = Debug|x64
		{23D8BE95-30AD-410A-957B-AFF50438E690}.Debug|x64.Build.0 = Debug|x64
		{23D8BE95-30AD-410A-957B-AFF50438E690}.Release|x64.ActiveCfg = Release|x64
		{23D8BE95-30AD-410A-957B-AFF50438E690}.Release|x64.Build.0 = Release|x64
	EndGlobalSection
	GlobalSection(SolutionProperties) = preSolution
		HideSolutionNode = FALSE
	EndGlobalSection
	GlobalSection(ExtensibilityGlobals) = postSolution
		SolutionGuid = {E4AB3055-6AAA-4FB3-B0B8-2FC1D37BA0CB}
	EndGlobalSection
EndGlobal
